
Microsoft Visual Studio Solution File, Format Version 12.00
# Visual Studio 2012
Project("{8BC9CEB8-8B4A-11D0-8D11-00A0C91BC942}") = "QuickSort M1 and M2", "QuickSort M1 and M2\QuickSort M1 and M2.vcxproj", "{419AC8BE-7FA5-4023-A0F7-19683D3B8469}"
EndProject
Global
	GlobalSection(SolutionConfigurationPlatforms) = preSolution
		Debug|Win32 = Debug|Win32
		Release|Win32 = Release|Win32
	EndGlobalSection
	GlobalSection(ProjectConfigurationPlatforms) = postSolution
		{419AC8BE-7FA5-4023-A0F7-19683D3B8469}.Debug|Win32.ActiveCfg = Debug|Win32
		{419AC8BE-7FA5-4023-A0F7-19683D3B8469}.Debug|Win32.Build.0 = Debug|Win32
		{419AC8BE-7FA5-4023-A0F7-19683D3B8469}.Release|Win32.ActiveCfg = Release|Win32
		{419AC8BE-7FA5-4023-A0F7-19683D3B8469}.Release|Win32.Build.0 = Release|Win32
	EndGlobalSection
	GlobalSection(SolutionProperties) = preSolution
		HideSolutionNode = FALSE
	EndGlobalSection
EndGlobal
